{
  "requires": true,
  "lockfileVersion": 1,
  "dependencies": {
    "now": {
      "version": "16.2.0",
      "resolved": "https://registry.npmjs.org/now/-/now-16.2.0.tgz",
      "integrity": "sha512-yzPtLJj7O1ngH3uNqEN6Eq3pR4rfBvq9qYRzG+whfhhQ8NA8molLwLVTPIlCLJuPu8zQnv48bJs2+EYs+n1NOA=="
    }
  }
}
